
Microsoft Visual Studio Solution File, Format Version 12.00
# Visual Studio Version 16
VisualStudioVersion = 16.0.31112.23
MinimumVisualStudioVersion = 10.0.40219.1
Project("{FAE04EC0-301F-11D3-BF4B-00C04F79EFBC}") = "demo.UWP", "demo.UWP\demo.UWP.csproj", "{5C738B9D-014C-4FAD-9088-89D14E9FE549}"
EndProject
Project("{FAE04EC0-301F-11D3-BF4B-00C04F79EFBC}") = "demo.Android", "demo.Android\demo.Android.csproj", "{E3423931-32AC-4B44-99DA-4125E8B823A5}"
EndProject
Project("{FAE04EC0-301F-11D3-BF4B-00C04F79EFBC}") = "demo.iOS", "demo.iOS\demo.iOS.csproj", "{69563809-ABBF-4299-A5DE-AFE18AB1520A}"
EndProject
Project("{FAE04EC0-301F-11D3-BF4B-00C04F79EFBC}") = "demo", "demo\demo.csproj", "{5DCDF336-53A6-44B5-ADA5-D13A4EA18A0E}"
EndProject
Global
	GlobalSection(SolutionConfigurationPlatforms) = preSolution
		Debug|Any CPU = Debug|Any CPU
		Debug|ARM = Debug|ARM
		Debug|iPhone = Debug|iPhone
		Debug|iPhoneSimulator = Debug|iPhoneSimulator
		Debug|x64 = Debug|x64
		Debug|x86 = Debug|x86
		Release|Any CPU = Release|Any CPU
		Release|ARM = Release|ARM
		Release|iPhone = Release|iPhone
		Release|iPhoneSimulator = Release|iPhoneSimulator
		Release|x64 = Release|x64
		Release|x86 = Release|x86
	EndGlobalSection
	GlobalSection(ProjectConfigurationPlatforms) = postSolution
		{5C738B9D-014C-4FAD-9088-89D14E9FE549}.Debug|Any CPU.ActiveCfg = Debug|x86
		{5C738B9D-014C-4FAD-9088-89D14E9FE549}.Debug|Any CPU.Build.0 = Debug|x86
		{5C738B9D-014C-4FAD-9088-89D14E9FE549}.Debug|Any CPU.Deploy.0 = Debug|x86
		{5C738B9D-014C-4FAD-9088-89D14E9FE549}.Debug|ARM.ActiveCfg = Debug|ARM
		{5C738B9D-014C-4FAD-9088-89D14E9FE549}.Debug|ARM.Build.0 = Debug|ARM
		{5C738B9D-014C-4FAD-9088-89D14E9FE549}.Debug|ARM.Deploy.0 = Debug|ARM
		{5C738B9D-014C-4FAD-9088-89D14E9FE549}.Debug|iPhone.ActiveCfg = Debug|x86
		{5C738B9D-014C-4FAD-9088-89D14E9FE549}.Debug|iPhone.Build.0 = Debug|x86
		{5C738B9D-014C-4FAD-9088-89D14E9FE549}.Debug|iPhone.Deploy.0 = Debug|x86
		{5C738B9D-014C-4FAD-9088-89D14E9FE549}.Debug|iPhoneSimulator.ActiveCfg = Debug|x86
		{5C738B9D-014C-4FAD-9088-89D14E9FE549}.Debug|iPhoneSimulator.Build.0 = Debug|x86
		{5C738B9D-014C-4FAD-9088-89D14E9FE549}.Debug|iPhoneSimulator.Deploy.0 = Debug|x86
		{5C738B9D-014C-4FAD-9088-89D14E9FE549}.Debug|x64.ActiveCfg = Debug|x64
		{5C738B9D-014C-4FAD-9088-89D14E9FE549}.Debug|x64.Build.0 = Debug|x64
		{5C738B9D-014C-4FAD-9088-89D14E9FE549}.Debug|x64.Deploy.0 = Debug|x64
		{5C738B9D-014C-4FAD-9088-89D14E9FE549}.Debug|x86.ActiveCfg = Debug|x86
		{5C738B9D-014C-4FAD-9088-89D14E9FE549}.Debug|x86.Build.0 = Debug|x86
		{5C738B9D-014C-4FAD-9088-89D14E9FE549}.Debug|x86.Deploy.0 = Debug|x86
		{5C738B9D-014C-4FAD-9088-89D14E9FE549}.Release|Any CPU.ActiveCfg = Release|x86
		{5C738B9D-014C-4FAD-9088-89D14E9FE549}.Release|Any CPU.Build.0 = Release|x86
		{5C738B9D-014C-4FAD-9088-89D14E9FE549}.Release|Any CPU.Deploy.0 = Release|x86
		{5C738B9D-014C-4FAD-9088-89D14E9FE549}.Release|ARM.ActiveCfg = Release|ARM
		{5C738B9D-014C-4FAD-9088-89D14E9FE549}.Release|ARM.Build.0 = Release|ARM
		{5C738B9D-014C-4FAD-9088-89D14E9FE549}.Release|ARM.Deploy.0 = Release|ARM
		{5C738B9D-014C-4FAD-9088-89D14E9FE549}.Release|iPhone.ActiveCfg = Release|x86
		{5C738B9D-014C-4FAD-9088-89D14E9FE549}.Release|iPhone.Build.0 = Release|x86
		{5C738B9D-014C-4FAD-9088-89D14E9FE549}.Release|iPhone.Deploy.0 = Release|x86
		{5C738B9D-014C-4FAD-9088-89D14E9FE549}.Release|iPhoneSimulator.ActiveCfg = Release|x86
		{5C738B9D-014C-4FAD-9088-89D14E9FE549}.Release|iPhoneSimulator.Build.0 = Release|x86
		{5C738B9D-014C-4FAD-9088-89D14E9FE549}.Release|iPhoneSimulator.Deploy.0 = Release|x86
		{5C738B9D-014C-4FAD-9088-89D14E9FE549}.Release|x64.ActiveCfg = Release|x64
		{5C738B9D-014C-4FAD-9088-89D14E9FE549}.Release|x64.Build.0 = Release|x64
		{5C738B9D-014C-4FAD-9088-89D14E9FE549}.Release|x64.Deploy.0 = Release|x64
		{5C738B9D-014C-4FAD-9088-89D14E9FE549}.Release|x86.ActiveCfg = Release|x86
		{5C738B9D-014C-4FAD-9088-89D14E9FE549}.Release|x86.Build.0 = Release|x86
		{5C738B9D-014C-4FAD-9088-89D14E9FE549}.Release|x86.Deploy.0 = Release|x86
		{E3423931-32AC-4B44-99DA-4125E8B823A5}.Debug|Any CPU.ActiveCfg = Debug|Any CPU
		{E3423931-32AC-4B44-99DA-4125E8B823A5}.Debug|Any CPU.Build.0 = Debug|Any CPU
		{E3423931-32AC-4B44-99DA-4125E8B823A5}.Debug|Any CPU.Deploy.0 = Debug|Any CPU
		{E3423931-32AC-4B44-99DA-4125E8B823A5}.Debug|ARM.ActiveCfg = Debug|Any CPU
		{E3423931-32AC-4B44-99DA-4125E8B823A5}.Debug|ARM.Build.0 = Debug|Any CPU
		{E3423931-32AC-4B44-99DA-4125E8B823A5}.Debug|ARM.Deploy.0 = Debug|Any CPU
		{E3423931-32AC-4B44-99DA-4125E8B823A5}.Debug|iPhone.ActiveCfg = Debug|Any CPU
		{E3423931-32AC-4B44-99DA-4125E8B823A5}.Debug|iPhone.Build.0 = Debug|Any CPU
		{E3423931-32AC-4B44-99DA-4125E8B823A5}.Debug|iPhone.Deploy.0 = Debug|Any CPU
		{E3423931-32AC-4B44-99DA-4125E8B823A5}.Debug|iPhoneSimulator.ActiveCfg = Debug|Any CPU
		{E3423931-32AC-4B44-99DA-4125E8B823A5}.Debug|iPhoneSimulator.Build.0 = Debug|Any CPU
		{E3423931-32AC-4B44-99DA-4125E8B823A5}.Debug|iPhoneSimulator.Deploy.0 = Debug|Any CPU
		{E3423931-32AC-4B44-99DA-4125E8B823A5}.Debug|x64.ActiveCfg = Debug|Any CPU
		{E3423931-32AC-4B44-99DA-4125E8B823A5}.Debug|x64.Build.0 = Debug|Any CPU
		{E3423931-32AC-4B44-99DA-4125E8B823A5}.Debug|x64.Deploy.0 = Debug|Any CPU
		{E3423931-32AC-4B44-99DA-4125E8B823A5}.Debug|x86.ActiveCfg = Debug|Any CPU
		{E3423931-32AC-4B44-99DA-4125E8B823A5}.Debug|x86.Build.0 = Debug|Any CPU
		{E3423931-32AC-4B44-99DA-4125E8B823A5}.Debug|x86.Deploy.0 = Debug|Any CPU
		{E3423931-32AC-4B44-99DA-4125E8B823A5}.Release|Any CPU.ActiveCfg = Release|Any CPU
		{E3423931-32AC-4B44-99DA-4125E8B823A5}.Release|Any CPU.Build.0 = Release|Any CPU
		{E3423931-32AC-4B44-99DA-4125E8B823A5}.Release|Any CPU.Deploy.0 = Release|Any CPU
		{E3423931-32AC-4B44-99DA-4125E8B823A5}.Release|ARM.ActiveCfg = Release|Any CPU
		{E3423931-32AC-4B44-99DA-4125E8B823A5}.Release|ARM.Build.0 = Release|Any CPU
		{E3423931-32AC-4B44-99DA-4125E8B823A5}.Release|ARM.Deploy.0 = Release|Any CPU
		{E3423931-32AC-4B44-99DA-4125E8B823A5}.Release|iPhone.ActiveCfg = Release|Any CPU
		{E3423931-32AC-4B44-99DA-4125E8B823A5}.Release|iPhone.Build.0 = Release|Any CPU
		{E3423931-32AC-4B44-99DA-4125E8B823A5}.Release|iPhone.Deploy.0 = Release|Any CPU
		{E3423931-32AC-4B44-99DA-4125E8B823A5}.Release|iPhoneSimulator.ActiveCfg = Release|Any CPU
		{E3423931-32AC-4B44-99DA-4125E8B823A5}.Release|iPhoneSimulator.Build.0 = Release|Any CPU
		{E3423931-32AC-4B44-99DA-4125E8B823A5}.Release|iPhoneSimulator.Deploy.0 = Release|Any CPU
		{E3423931-32AC-4B44-99DA-4125E8B823A5}.Release|x64.ActiveCfg = Release|Any CPU
		{E3423931-32AC-4B44-99DA-4125E8B823A5}.Release|x64.Build.0 = Release|Any CPU
		{E3423931-32AC-4B44-99DA-4125E8B823A5}.Release|x64.Deploy.0 = Release|Any CPU
		{E3423931-32AC-4B44-99DA-4125E8B823A5}.Release|x86.ActiveCfg = Release|Any CPU
		{E3423931-32AC-4B44-99DA-4125E8B823A5}.Release|x86.Build.0 = Release|Any CPU
		{E3423931-32AC-4B44-99DA-4125E8B823A5}.Release|x86.Deploy.0 = Release|Any CPU
		{69563809-ABBF-4299-A5DE-AFE18AB1520A}.Debug|Any CPU.ActiveCfg = Debug|iPhoneSimulator
		{69563809-ABBF-4299-A5DE-AFE18AB1520A}.Debug|Any CPU.Build.0 = Debug|iPhoneSimulator
		{69563809-ABBF-4299-A5DE-AFE18AB1520A}.Debug|Any CPU.Deploy.0 = Debug|iPhoneSimulator
		{69563809-ABBF-4299-A5DE-AFE18AB1520A}.Debug|ARM.ActiveCfg = Debug|iPhone
		{69563809-ABBF-4299-A5DE-AFE18AB1520A}.Debug|ARM.Build.0 = Debug|iPhone
		{69563809-ABBF-4299-A5DE-AFE18AB1520A}.Debug|ARM.Deploy.0 = Debug|iPhone
		{69563809-ABBF-4299-A5DE-AFE18AB1520A}.Debug|iPhone.ActiveCfg = Debug|iPhone
		{69563809-ABBF-4299-A5DE-AFE18AB1520A}.Debug|iPhone.Build.0 = Debug|iPhone
		{69563809-ABBF-4299-A5DE-AFE18AB1520A}.Debug|iPhone.Deploy.0 = Debug|iPhone
		{69563809-ABBF-4299-A5DE-AFE18AB1520A}.Debug|iPhoneSimulator.ActiveCfg = Debug|iPhoneSimulator
		{69563809-ABBF-4299-A5DE-AFE18AB1520A}.Debug|iPhoneSimulator.Build.0 = Debug|iPhoneSimulator
		{69563809-ABBF-4299-A5DE-AFE18AB1520A}.Debug|iPhoneSimulator.Deploy.0 = Debug|iPhoneSimulator
		{69563809-ABBF-4299-A5DE-AFE18AB1520A}.Debug|x64.ActiveCfg = Debug|iPhoneSimulator
		{69563809-ABBF-4299-A5DE-AFE18AB1520A}.Debug|x64.Build.0 = Debug|iPhoneSimulator
		{69563809-ABBF-4299-A5DE-AFE18AB1520A}.Debug|x64.Deploy.0 = Debug|iPhoneSimulator
		{69563809-ABBF-4299-A5DE-AFE18AB1520A}.Debug|x86.ActiveCfg = Debug|iPhoneSimulator
		{69563809-ABBF-4299-A5DE-AFE18AB1520A}.Debug|x86.Build.0 = Debug|iPhoneSimulator
		{69563809-ABBF-4299-A5DE-AFE18AB1520A}.Debug|x86.Deploy.0 = Debug|iPhoneSimulator
		{69563809-ABBF-4299-A5DE-AFE18AB1520A}.Release|Any CPU.ActiveCfg = Release|iPhoneSimulator
		{69563809-ABBF-4299-A5DE-AFE18AB1520A}.Release|Any CPU.Build.0 = Release|iPhoneSimulator
		{69563809-ABBF-4299-A5DE-AFE18AB1520A}.Release|Any CPU.Deploy.0 = Release|iPhoneSimulator
		{69563809-ABBF-4299-A5DE-AFE18AB1520A}.Release|ARM.ActiveCfg = Release|iPhoneSimulator
		{69563809-ABBF-4299-A5DE-AFE18AB1520A}.Release|ARM.Build.0 = Release|iPhoneSimulator
		{69563809-ABBF-4299-A5DE-AFE18AB1520A}.Release|ARM.Deploy.0 = Release|iPhoneSimulator
		{69563809-ABBF-4299-A5DE-AFE18AB1520A}.Release|iPhone.ActiveCfg = Release|iPhone
		{69563809-ABBF-4299-A5DE-AFE18AB1520A}.Release|iPhone.Build.0 = Release|iPhone
		{69563809-ABBF-4299-A5DE-AFE18AB1520A}.Release|iPhone.Deploy.0 = Release|iPhone
		{69563809-ABBF-4299-A5DE-AFE18AB1520A}.Release|iPhoneSimulator.ActiveCfg = Release|iPhoneSimulator
		{69563809-ABBF-4299-A5DE-AFE18AB1520A}.Release|iPhoneSimulator.Build.0 = Release|iPhoneSimulator
		{69563809-ABBF-4299-A5DE-AFE18AB1520A}.Release|iPhoneSimulator.Deploy.0 = Release|iPhoneSimulator
		{69563809-ABBF-4299-A5DE-AFE18AB1520A}.Release|x64.ActiveCfg = Release|iPhoneSimulator
		{69563809-ABBF-4299-A5DE-AFE18AB1520A}.Release|x64.Build.0 = Release|iPhoneSimulator
		{69563809-ABBF-4299-A5DE-AFE18AB1520A}.Release|x64.Deploy.0 = Release|iPhoneSimulator
		{69563809-ABBF-4299-A5DE-AFE18AB1520A}.Release|x86.ActiveCfg = Release|iPhoneSimulator
		{69563809-ABBF-4299-A5DE-AFE18AB1520A}.Release|x86.Build.0 = Release|iPhoneSimulator
		{69563809-ABBF-4299-A5DE-AFE18AB1520A}.Release|x86.Deploy.0 = Release|iPhoneSimulator
		{5DCDF336-53A6-44B5-ADA5-D13A4EA18A0E}.Debug|Any CPU.ActiveCfg = Debug|Any CPU
		{5DCDF336-53A6-44B5-ADA5-D13A4EA18A0E}.Debug|Any CPU.Build.0 = Debug|Any CPU
		{5DCDF336-53A6-44B5-ADA5-D13A4EA18A0E}.Debug|Any CPU.Deploy.0 = Debug|Any CPU
		{5DCDF336-53A6-44B5-ADA5-D13A4EA18A0E}.Debug|ARM.ActiveCfg = Debug|Any CPU
		{5DCDF336-53A6-44B5-ADA5-D13A4EA18A0E}.Debug|ARM.Build.0 = Debug|Any CPU
		{5DCDF336-53A6-44B5-ADA5-D13A4EA18A0E}.Debug|ARM.Deploy.0 = Debug|Any CPU
		{5DCDF336-53A6-44B5-ADA5-D13A4EA18A0E}.Debug|iPhone.ActiveCfg = Debug|Any CPU
		{5DCDF336-53A6-44B5-ADA5-D13A4EA18A0E}.Debug|iPhone.Build.0 = Debug|Any CPU
		{5DCDF336-53A6-44B5-ADA5-D13A4EA18A0E}.Debug|iPhone.Deploy.0 = Debug|Any CPU
		{5DCDF336-53A6-44B5-ADA5-D13A4EA18A0E}.Debug|iPhoneSimulator.ActiveCfg = Debug|Any CPU
		{5DCDF336-53A6-44B5-ADA5-D13A4EA18A0E}.Debug|iPhoneSimulator.Build.0 = Debug|Any CPU
		{5DCDF336-53A6-44B5-ADA5-D13A4EA18A0E}.Debug|iPhoneSimulator.Deploy.0 = Debug|Any CPU
		{5DCDF336-53A6-44B5-ADA5-D13A4EA18A0E}.Debug|x64.ActiveCfg = Debug|Any CPU
		{5DCDF336-53A6-44B5-ADA5-D13A4EA18A0E}.Debug|x64.Build.0 = Debug|Any CPU
		{5DCDF336-53A6-44B5-ADA5-D13A4EA18A0E}.Debug|x64.Deploy.0 = Debug|Any CPU
		{5DCDF336-53A6-44B5-ADA5-D13A4EA18A0E}.Debug|x86.ActiveCfg = Debug|Any CPU
		{5DCDF336-53A6-44B5-ADA5-D13A4EA18A0E}.Debug|x86.Build.0 = Debug|Any CPU
		{5DCDF336-53A6-44B5-ADA5-D13A4EA18A0E}.Debug|x86.Deploy.0 = Debug|Any CPU
		{5DCDF336-53A6-44B5-ADA5-D13A4EA18A0E}.Release|Any CPU.ActiveCfg = Release|Any CPU
		{5DCDF336-53A6-44B5-ADA5-D13A4EA18A0E}.Release|Any CPU.Build.0 = Release|Any CPU
		{5DCDF336-53A6-44B5-ADA5-D13A4EA18A0E}.Release|Any CPU.Deploy.0 = Release|Any CPU
		{5DCDF336-53A6-44B5-ADA5-D13A4EA18A0E}.Release|ARM.ActiveCfg = Release|Any CPU
		{5DCDF336-53A6-44B5-ADA5-D13A4EA18A0E}.Release|ARM.Build.0 = Release|Any CPU
		{5DCDF336-53A6-44B5-ADA5-D13A4EA18A0E}.Release|ARM.Deploy.0 = Release|Any CPU
		{5DCDF336-53A6-44B5-ADA5-D13A4EA18A0E}.Release|iPhone.ActiveCfg = Release|Any CPU
		{5DCDF336-53A6-44B5-ADA5-D13A4EA18A0E}.Release|iPhone.Build.0 = Release|Any CPU
		{5DCDF336-53A6-44B5-ADA5-D13A4EA18A0E}.Release|iPhone.Deploy.0 = Release|Any CPU
		{5DCDF336-53A6-44B5-ADA5-D13A4EA18A0E}.Release|iPhoneSimulator.ActiveCfg = Release|Any CPU
		{5DCDF336-53A6-44B5-ADA5-D13A4EA18A0E}.Release|iPhoneSimulator.Build.0 = Release|Any CPU
		{5DCDF336-53A6-44B5-ADA5-D13A4EA18A0E}.Release|iPhoneSimulator.Deploy.0 = Release|Any CPU
		{5DCDF336-53A6-44B5-ADA5-D13A4EA18A0E}.Release|x64.ActiveCfg = Release|Any CPU
		{5DCDF336-53A6-44B5-ADA5-D13A4EA18A0E}.Release|x64.Build.0 = Release|Any CPU
		{5DCDF336-53A6-44B5-ADA5-D13A4EA18A0E}.Release|x64.Deploy.0 = Release|Any CPU
		{5DCDF336-53A6-44B5-ADA5-D13A4EA18A0E}.Release|x86.ActiveCfg = Release|Any CPU
		{5DCDF336-53A6-44B5-ADA5-D13A4EA18A0E}.Release|x86.Build.0 = Release|Any CPU
		{5DCDF336-53A6-44B5-ADA5-D13A4EA18A0E}.Release|x86.Deploy.0 = Release|Any CPU
	EndGlobalSection
	GlobalSection(SolutionProperties) = preSolution
		HideSolutionNode = FALSE
	EndGlobalSection
	GlobalSection(ExtensibilityGlobals) = postSolution
		SolutionGuid = {BF823791-31E9-493A-93D2-5D949A9F2B7E}
	EndGlobalSection
EndGlobal
